{
  "pins" : [
    {
      "identity" : "liveview-client-swiftui",
      "kind" : "remoteSourceControl",
      "location" : "https://github.com/liveviewnative/liveview-client-swiftui",
      "state" : {
        "branch" : "main",
        "revision" : "57a4244dd82cbe83e3e00cc54371976085b71544"
      }
    },
    {
      "identity" : "liveview-native-core-swift",
      "kind" : "remoteSourceControl",
      "location" : "https://github.com/liveviewnative/liveview-native-core-swift.git",
      "state" : {
        "branch" : "main",
        "revision" : "b6a24652b35acd534fa437cb4cf4654fcb33828f"
      }
    },
    {
      "identity" : "swift-argument-parser",
      "kind" : "remoteSourceControl",
      "location" : "https://github.com/apple/swift-argument-parser",
      "state" : {
        "revision" : "8f4d2753f0e4778c76d5f05ad16c74f707390531",
        "version" : "1.2.3"
      }
    },
    {
      "identity" : "swiftphoenixclient",
      "kind" : "remoteSourceControl",
      "location" : "https://github.com/davidstump/SwiftPhoenixClient.git",
      "state" : {
        "revision" : "613989bf2e562d8a851ea83741681c3439353b45",
        "version" : "5.0.0"
      }
    },
    {
      "identity" : "swiftsoup",
      "kind" : "remoteSourceControl",
      "location" : "https://github.com/scinfu/SwiftSoup.git",
      "state" : {
        "revision" : "8b6cf29eead8841a1fa7822481cb3af4ddaadba6",
        "version" : "2.6.1"
      }
    }
  ],
  "version" : 2
}
